
Microsoft Visual Studio Solution File, Format Version 11.00
# Visual Studio 2010
Project("{8BC9CEB8-8B4A-11D0-8D11-00A0C91BC942}") = "convolutNN", "convolutNN\convolutNN.vcxproj", "{257D3D00-EF92-40C0-AA7F-679F50B43868}"
EndProject
Global
	GlobalSection(SolutionConfigurationPlatforms) = preSolution
		Debug|Win32 = Debug|Win32
		Release|Win32 = Release|Win32
	EndGlobalSection
	GlobalSection(ProjectConfigurationPlatforms) = postSolution
		{257D3D00-EF92-40C0-AA7F-679F50B43868}.Debug|Win32.ActiveCfg = Debug|Win32
		{257D3D00-EF92-40C0-AA7F-679F50B43868}.Debug|Win32.Build.0 = Debug|Win32
		{257D3D00-EF92-40C0-AA7F-679F50B43868}.Release|Win32.ActiveCfg = Release|Win32
		{257D3D00-EF92-40C0-AA7F-679F50B43868}.Release|Win32.Build.0 = Release|Win32
	EndGlobalSection
	GlobalSection(SolutionProperties) = preSolution
		HideSolutionNode = FALSE
	EndGlobalSection
EndGlobal
